
Microsoft Visual Studio Solution File, Format Version 12.00
# Visual Studio Version 17
VisualStudioVersion = 17.0.32112.339
MinimumVisualStudioVersion = 10.0.40219.1
Project("{FAE04EC0-301F-11D3-BF4B-00C04F79EFBC}") = "DoctorWho", "DoctorWho.csproj", "{3A643EB3-907D-4CC3-BA30-204F23A1179F}"
EndProject
Project("{FAE04EC0-301F-11D3-BF4B-00C04F79EFBC}") = "DoctorWho.Db", "..\DoctorWho.Db\DoctorWho.Db.csproj", "{28902745-0B25-4FE9-A349-F190CB1217EE}"
EndProject
Global
	GlobalSection(SolutionConfigurationPlatforms) = preSolution
		Debug|Any CPU = Debug|Any CPU
		Release|Any CPU = Release|Any CPU
	EndGlobalSection
	GlobalSection(ProjectConfigurationPlatforms) = postSolution
		{3A643EB3-907D-4CC3-BA30-204F23A1179F}.Debug|Any CPU.ActiveCfg = Debug|Any CPU
		{3A643EB3-907D-4CC3-BA30-204F23A1179F}.Debug|Any CPU.Build.0 = Debug|Any CPU
		{3A643EB3-907D-4CC3-BA30-204F23A1179F}.Release|Any CPU.ActiveCfg = Release|Any CPU
		{3A643EB3-907D-4CC3-BA30-204F23A1179F}.Release|Any CPU.Build.0 = Release|Any CPU
		{28902745-0B25-4FE9-A349-F190CB1217EE}.Debug|Any CPU.ActiveCfg = Debug|Any CPU
		{28902745-0B25-4FE9-A349-F190CB1217EE}.Debug|Any CPU.Build.0 = Debug|Any CPU
		{28902745-0B25-4FE9-A349-F190CB1217EE}.Release|Any CPU.ActiveCfg = Release|Any CPU
		{28902745-0B25-4FE9-A349-F190CB1217EE}.Release|Any CPU.Build.0 = Release|Any CPU
	EndGlobalSection
	GlobalSection(SolutionProperties) = preSolution
		HideSolutionNode = FALSE
	EndGlobalSection
	GlobalSection(ExtensibilityGlobals) = postSolution
		SolutionGuid = {85F6E507-5CB7-4C07-A653-37A3362A8642}
	EndGlobalSection
EndGlobal
